{
  "lockfileVersion": 1,
  "configVersion": 1,
  "workspaces": {
    "": {
      "name": "factorio-metrics-exporter",
      "devDependencies": {
        "factoriomod-debug": "^2.0.9",
      },
    },
  },
  "packages": {
    "factoriomod-debug": ["factoriomod-debug@2.0.9", "", { "bin": { "fmtk": "dist/fmtk-cli.js", "factoriomod-debug": "dist/fmtk-cli.js" } }, "sha512-E8tjmYmjlSfjarPIeLspwD2PurrwPZJTqL+ejgbfooBTblUBEgOh8CiJjPHqz9DFCLU2FRn10pkhwYFrSc/u+w=="],
  }
}
